
Microsoft Visual Studio Solution File, Format Version 12.00
# Visual Studio 15
VisualStudioVersion = 15.0.27703.2047
MinimumVisualStudioVersion = 10.0.40219.1
Project("{888888A0-9F3D-457C-B088-3A5042F75D52}") = "bot1", "bot1\bot1.pyproj", "{CBBA86D2-8220-46A7-A01C-2438C6240FAF}"
EndProject
Project("{888888A0-9F3D-457C-B088-3A5042F75D52}") = "bot2", "bot2\bot2.pyproj", "{D378515B-FA75-4A42-BE1D-AB1EC0AC7362}"
EndProject
Project("{888888A0-9F3D-457C-B088-3A5042F75D52}") = "bot3", "bot3\bot3.pyproj", "{ED7567D9-915E-4A0B-893C-B5F742079ED0}"
EndProject
Global
	GlobalSection(SolutionConfigurationPlatforms) = preSolution
		Debug|Any CPU = Debug|Any CPU
		Release|Any CPU = Release|Any CPU
	EndGlobalSection
	GlobalSection(ProjectConfigurationPlatforms) = postSolution
		{CBBA86D2-8220-46A7-A01C-2438C6240FAF}.Debug|Any CPU.ActiveCfg = Debug|Any CPU
		{CBBA86D2-8220-46A7-A01C-2438C6240FAF}.Release|Any CPU.ActiveCfg = Release|Any CPU
		{D378515B-FA75-4A42-BE1D-AB1EC0AC7362}.Debug|Any CPU.ActiveCfg = Debug|Any CPU
		{D378515B-FA75-4A42-BE1D-AB1EC0AC7362}.Release|Any CPU.ActiveCfg = Release|Any CPU
		{ED7567D9-915E-4A0B-893C-B5F742079ED0}.Debug|Any CPU.ActiveCfg = Debug|Any CPU
		{ED7567D9-915E-4A0B-893C-B5F742079ED0}.Release|Any CPU.ActiveCfg = Release|Any CPU
	EndGlobalSection
	GlobalSection(SolutionProperties) = preSolution
		HideSolutionNode = FALSE
	EndGlobalSection
	GlobalSection(ExtensibilityGlobals) = postSolution
		SolutionGuid = {9CA972C3-A74C-4391-9E57-89B41F70B00F}
	EndGlobalSection
EndGlobal
